{
    "_meta": {
        "hash": {
            "sha256": "27bbc0963abb93028bfa461aab2a90db1dd84afd2fac557b459c107659a0809c"
        },
        "pipfile-spec": 6,
        "requires": {
            "python_version": "3.7"
        },
        "sources": [
            {
                "name": "pypi",
                "url": "https://pypi.org/simple",
                "verify_ssl": true
            }
        ]
    },
    "default": {
        "certifi": {
            "hashes": [
                "sha256:35824b4c3a97115964b408844d64aa14db1cc518f6562e8d7261699d1350a9e3",
                "sha256:4ad3232f5e926d6718ec31cfc1fcadfde020920e278684144551c91769c7bc18"
            ],
            "index": "pypi",
            "version": "==2022.12.7"
        },
        "colorama": {
            "hashes": [
                "sha256:05eed71e2e327246ad6b38c540c4a3117230b19679b875190486ddd2d721422d",
                "sha256:f8ac84de7840f5b9c4e3347b3c1eaa50f7e49c2b07596221daec5edaabbd7c48"
            ],
            "index": "pypi",
            "version": "==0.4.1"
        },
        "frida": {
            "hashes": [
                "sha256:28bc7e7918865407eebfb73a1750fd138a6c5b81813d9096c5052995f7a6e51b",
                "sha256:291bd273d595cf2ae87ca12978fc1c70e62069a87bc697693bc351389fa88cc6",
                "sha256:2cefba01b5a586a8aaff2b564f0b498928dc2dd2e1e4853bc132f6eb380efcfa",
                "sha256:3d0ea7cd6dd318caf9c91f00b76214f3d20117f3768f4cf8e291c59d942a8473",
                "sha256:424b55f473cd48304a1fffd85205a09bffcacb624b97c6bbfd36a172fd43889f",
                "sha256:4f1209edd442f1a1cf0a7abc92460d4c1bcb4a54112fd6d5b7a2119382131206",
                "sha256:5514cc1bac395685928d23eb782ad017d9a14190f743c50c838ca71e47523ca4",
                "sha256:56cba2b145eb2e705d39e4a89d7b6d50d1e16736fb6283ca45387dd06efd21f0",
                "sha256:61e981e7e439b643cf16277bccaf31d285b307b068c42bfa5a0f28f05a7e14da",
                "sha256:798de2a887e7cbaba75695ae3d336c87c8168746f41b0a1f0a9297be6253fa12",
                "sha256:b5c1800d032e012570e9348dd47a69bdc17fd288906afb827aa3646de7f31c07"
            ],
            "index": "pypi",
            "version": "==12.7.20"
        },
        "frida-tools": {
            "hashes": [
                "sha256:723ac8f50fe9c89497b0114fbc7fc6dc100a24156bbcc87486df1d82820ad2f7"
            ],
            "index": "pypi",
            "version": "==5.1.0"
        },
        "pip": {
            "hashes": [
                "sha256:65fd48317359f3af8e593943e6ae1506b66325085ea64b706a998c6e83eeaf38",
                "sha256:908c78e6bc29b676ede1c4d57981d490cb892eb45cd8c214ab6298125119e077"
            ],
            "markers": "python_version >= '3.7'",
            "version": "==22.3.1"
        },
        "pipenv": {
            "hashes": [
                "sha256:56ad5f5cb48f1e58878e14525a6e3129d4306049cb76d2f6a3e95df0d5fc6330",
                "sha256:7df8e33a2387de6f537836f48ac6fcd94eda6ed9ba3d5e3fd52e35b5bc7ff49e",
                "sha256:a673e606e8452185e9817a987572b55360f4d28b50831ef3b42ac3cab3fee846"
            ],
            "index": "pypi",
            "version": "==2018.11.26"
        },
        "prompt-toolkit": {
            "hashes": [
                "sha256:46642344ce457641f28fc9d1c9ca939b63dadf8df128b86f1b9860e59c73a5e4",
                "sha256:e7f8af9e3d70f514373bf41aa51bc33af12a6db3f71461ea47fea985defb2c31",
                "sha256:f15af68f66e664eaa559d4ac8a928111eebd5feda0c11738b5998045224829db"
            ],
            "index": "pypi",
            "version": "==2.0.10"
        },
        "pygments": {
            "hashes": [
                "sha256:71e430bc85c88a430f000ac1d9b331d2407f681d6f6aec95e8bcfbc3df5b0127",
                "sha256:881c4c157e45f30af185c1ffe8d549d48ac9127433f2c380c24b84572ad66297"
            ],
            "index": "pypi",
            "version": "==2.4.2"
        },
        "setuptools": {
            "hashes": [
                "sha256:57f6f22bde4e042978bcd50176fdb381d7c21a9efa4041202288d3737a0c6a54",
                "sha256:a7620757bf984b58deaf32fc8a4577a9bbc0850cf92c20e1ce41c38c19e5fb75"
            ],
            "markers": "python_version >= '3.7'",
            "version": "==65.6.3"
        },
        "six": {
            "hashes": [
                "sha256:1f1b7d42e254082a9db6279deae68afb421ceba6158efa6131de7b3003ee93fd",
                "sha256:30f610279e8b2578cab6db20741130331735c781b56053c59c4076da27f06b66"
            ],
            "index": "pypi",
            "version": "==1.13.0"
        },
        "virtualenv": {
            "hashes": [
                "sha256:94a6898293d07f84a98add34c4df900f8ec64a570292279f6d91c781d37fd305",
                "sha256:f6fc312c031f2d2344f885de114f1cb029dfcffd26aa6e57d2ee2296935c4e7d"
            ],
            "index": "pypi",
            "version": "==16.7.4"
        },
        "virtualenv-clone": {
            "hashes": [
                "sha256:532f789a5c88adf339506e3ca03326f20ee82fd08ee5586b44dc859b5b4468c5",
                "sha256:c88ae171a11b087ea2513f260cdac9232461d8e9369bcd1dc143fc399d220557"
            ],
            "index": "pypi",
            "version": "==0.5.3"
        },
        "wcwidth": {
            "hashes": [
                "sha256:3df37372226d6e63e1b1e1eda15c594bca98a22d33a23832a90998faa96bc65e",
                "sha256:f4ebe71925af7b40a864553f761ed559b43544f8f71746c2d756c7fe788ade7c"
            ],
            "index": "pypi",
            "version": "==0.1.7"
        }
    },
    "develop": {}
}
